Microsoft Visual Studio Solution File, Format Version 12.00
# Visual Studio 14
VisualStudioVersion = 14.0.25420.1
MinimumVisualStudioVersion = 10.0.40219.1
Project("{8BC9CEB8-8B4A-11D0-8D11-00A0C91BC942}") = "LightHouse", "LightHouse.vcxproj", "{2D4A6C3B-E150-4CBA-8AF4-503CAFFE6CE8}"
EndProject
Global
	GlobalSection(SolutionConfigurationPlatforms) = preSolution
		Debug|VisualGDB = Debug|VisualGDB
		Release|VisualGDB = Release|VisualGDB
	EndGlobalSection
	GlobalSection(ProjectConfigurationPlatforms) = postSolution
		{2D4A6C3B-E150-4CBA-8AF4-503CAFFE6CE8}.Debug|VisualGDB.ActiveCfg = Debug|VisualGDB
		{2D4A6C3B-E150-4CBA-8AF4-503CAFFE6CE8}.Debug|VisualGDB.Build.0 = Debug|VisualGDB
		{2D4A6C3B-E150-4CBA-8AF4-503CAFFE6CE8}.Release|VisualGDB.ActiveCfg = Release|VisualGDB
		{2D4A6C3B-E150-4CBA-8AF4-503CAFFE6CE8}.Release|VisualGDB.Build.0 = Release|VisualGDB
	EndGlobalSection
	GlobalSection(SolutionProperties) = preSolution
		HideSolutionNode = FALSE
	EndGlobalSection
EndGlobal
