#MicroXplorer Configuration settings - do not modify
ADC1.Channel-11\#ChannelRegularConversion=ADC_CHANNEL_1
ADC1.Channel-12\#ChannelRegularConversion=ADC_CHANNEL_2
ADC1.Channel-13\#ChannelRegularConversion=ADC_CHANNEL_3
ADC1.ContinuousConvMode=ENABLE
ADC1.DataAlign=ADC_DATAALIGN_RIGHT
ADC1.DiscontinuousConvMode=DISABLE
ADC1.EnableAnalogWatchDog=false
ADC1.EnableRegularConversion=ENABLE
ADC1.ExternalTrigConv=ADC_EXTERNALTRIGCONV_T1_CC1
ADC1.ExternalTrigConvEdgeChoice=NONE
ADC1.IPParameters=Rank-11\#ChannelRegularConversion,Channel-11\#ChannelRegularConversion,SamplingTime-11\#ChannelRegularConversion,NbrOfConversionFlag,ContinuousConvMode,NbrOfConversion,Rank-12\#ChannelRegularConversion,Channel-12\#ChannelRegularConversion,SamplingTime-12\#ChannelRegularConversion,Rank-13\#ChannelRegularConversion,Channel-13\#ChannelRegularConversion,SamplingTime-13\#ChannelRegularConversion,DataAlign,ScanConvMode,DiscontinuousConvMode,EnableRegularConversion,ExternalTrigConvEdgeChoice,InjNumberOfConversion,EnableAnalogWatchDog,master,ExternalTrigConv
ADC1.InjNumberOfConversion=0
ADC1.NbrOfConversion=3
ADC1.NbrOfConversionFlag=1
ADC1.Rank-11\#ChannelRegularConversion=1
ADC1.Rank-12\#ChannelRegularConversion=2
ADC1.Rank-13\#ChannelRegularConversion=3
ADC1.SamplingTime-11\#ChannelRegularConversion=ADC_SAMPLETIME_55CYCLES_5
ADC1.SamplingTime-12\#ChannelRegularConversion=ADC_SAMPLETIME_55CYCLES_5
ADC1.SamplingTime-13\#ChannelRegularConversion=ADC_SAMPLETIME_55CYCLES_5
ADC1.ScanConvMode=ADC_SCAN_ENABLE
ADC1.master=1
Dma.ADC1.0.Direction=DMA_PERIPH_TO_MEMORY
Dma.ADC1.0.Instance=DMA1_Channel1
Dma.ADC1.0.MemDataAlignment=DMA_MDATAALIGN_WORD
Dma.ADC1.0.MemInc=DMA_MINC_ENABLE
Dma.ADC1.0.Mode=DMA_CIRCULAR
Dma.ADC1.0.PeriphDataAlignment=DMA_PDATAALIGN_WORD
Dma.ADC1.0.PeriphInc=DMA_PINC_DISABLE
Dma.ADC1.0.Priority=DMA_PRIORITY_LOW
Dma.ADC1.0.RequestParameters=Instance,Direction,PeriphInc,MemInc,PeriphDataAlignment,MemDataAlignment,Mode,Priority
Dma.Request0=ADC1
Dma.RequestsNb=1
File.Version=6
I2C2.ClockSpeed=400000
I2C2.DutyCycle=I2C_DUTYCYCLE_2
I2C2.GeneralCallMode=I2C_GENERALCALL_DISABLE
I2C2.I2C_Mode=I2C_Fast
I2C2.IPParameters=I2C_Mode,ClockSpeed,NoStretchMode,GeneralCallMode,DutyCycle
I2C2.NoStretchMode=I2C_NOSTRETCH_DISABLE
KeepUserPlacement=false
Mcu.Family=STM32F1
Mcu.IP0=ADC1
Mcu.IP1=DMA
Mcu.IP2=I2C2
Mcu.IP3=NVIC
Mcu.IP4=RCC
Mcu.IP5=SPI2
Mcu.IP6=SYS
Mcu.IPNb=7
Mcu.Name=STM32F103C(8-B)Tx
Mcu.Package=LQFP48
Mcu.Pin0=PC13-TAMPER-RTC
Mcu.Pin1=PD0-OSC_IN
Mcu.Pin10=PB10
Mcu.Pin11=PB11
Mcu.Pin12=PB12
Mcu.Pin13=PB13
Mcu.Pin14=PB14
Mcu.Pin15=PB15
Mcu.Pin16=PA8
Mcu.Pin17=PA9
Mcu.Pin18=PA10
Mcu.Pin19=PA11
Mcu.Pin2=PD1-OSC_OUT
Mcu.Pin20=PA12
Mcu.Pin21=PA13
Mcu.Pin22=PB6
Mcu.Pin23=PB7
Mcu.Pin24=PB8
Mcu.Pin25=PB9
Mcu.Pin26=VP_SYS_VS_ND
Mcu.Pin27=VP_SYS_VS_Systick
Mcu.Pin3=PA1
Mcu.Pin4=PA2
Mcu.Pin5=PA3
Mcu.Pin6=PA4
Mcu.Pin7=PA5
Mcu.Pin8=PA6
Mcu.Pin9=PA7
Mcu.PinsNb=28
Mcu.UserConstants=
Mcu.UserName=STM32F103C8Tx
MxCube.Version=4.19.0
MxDb.Version=DB.4.0.190
NVIC.BusFault_IRQn=true\:0\:0\:false\:false\:true
NVIC.DMA1_Channel1_IRQn=true\:0\:0\:false\:false\:true
NVIC.DebugMonitor_IRQn=true\:0\:0\:false\:false\:true
NVIC.EXTI15_10_IRQn=true\:0\:0\:false\:false\:true
NVIC.EXTI4_IRQn=true\:0\:0\:false\:false\:true
NVIC.EXTI9_5_IRQn=true\:0\:0\:true\:false\:true
NVIC.HardFault_IRQn=true\:0\:0\:false\:false\:true
NVIC.MemoryManagement_IRQn=true\:0\:0\:false\:false\:true
NVIC.NonMaskableInt_IRQn=true\:0\:0\:false\:false\:true
NVIC.PendSV_IRQn=true\:0\:0\:false\:false\:false
NVIC.PriorityGroup=NVIC_PRIORITYGROUP_4
NVIC.SVCall_IRQn=true\:0\:0\:false\:false\:false
NVIC.SysTick_IRQn=true\:0\:0\:false\:false\:true
NVIC.UsageFault_IRQn=true\:0\:0\:false\:false\:true
PA1.GPIOParameters=GPIO_Label
PA1.GPIO_Label=CTL_TRIGGER
PA1.Locked=true
PA1.Signal=ADCx_IN1
PA10.GPIOParameters=GPIO_PuPd,GPIO_Label,GPIO_ModeDefaultEXTI
PA10.GPIO_Label=IR_SENS2
PA10.GPIO_ModeDefaultEXTI=GPIO_MODE_IT_RISING_FALLING
PA10.GPIO_PuPd=GPIO_PULLUP
PA10.Locked=true
PA10.Signal=GPXTI10
PA11.GPIOParameters=GPIO_PuPd,GPIO_Label,GPIO_ModeDefaultEXTI
PA11.GPIO_Label=IR_SENS3
PA11.GPIO_ModeDefaultEXTI=GPIO_MODE_IT_RISING_FALLING
PA11.GPIO_PuPd=GPIO_PULLUP
PA11.Locked=true
PA11.Signal=GPXTI11
PA12.GPIOParameters=GPIO_PuPd,GPIO_Label,GPIO_ModeDefaultEXTI
PA12.GPIO_Label=IR_SENS4
PA12.GPIO_ModeDefaultEXTI=GPIO_MODE_IT_RISING_FALLING
PA12.GPIO_PuPd=GPIO_PULLUP
PA12.Locked=true
PA12.Signal=GPXTI12
PA13.GPIOParameters=GPIO_PuPd,GPIO_Label,GPIO_ModeDefaultEXTI
PA13.GPIO_Label=IR_SENS5
PA13.GPIO_ModeDefaultEXTI=GPIO_MODE_IT_RISING_FALLING
PA13.GPIO_PuPd=GPIO_PULLUP
PA13.Locked=true
PA13.Signal=GPXTI13
PA2.GPIOParameters=GPIO_Label
PA2.GPIO_Label=CTL_AX
PA2.Locked=true
PA2.Signal=ADCx_IN2
PA3.GPIOParameters=GPIO_Label
PA3.GPIO_Label=CTL_AY
PA3.Locked=true
PA3.Signal=ADCx_IN3
PA4.GPIOParameters=GPIO_PuPd,GPIO_Label,GPIO_ModeDefaultEXTI
PA4.GPIO_Label=CTL_BTN0
PA4.GPIO_ModeDefaultEXTI=GPIO_MODE_IT_RISING_FALLING
PA4.GPIO_PuPd=GPIO_PULLDOWN
PA4.Locked=true
PA4.Signal=GPXTI4
PA5.GPIOParameters=GPIO_PuPd,GPIO_Label,GPIO_ModeDefaultEXTI
PA5.GPIO_Label=CTL_BTN1
PA5.GPIO_ModeDefaultEXTI=GPIO_MODE_IT_RISING_FALLING
PA5.GPIO_PuPd=GPIO_PULLDOWN
PA5.Locked=true
PA5.Signal=GPXTI5
PA6.GPIOParameters=GPIO_PuPd,GPIO_Label,GPIO_ModeDefaultEXTI
PA6.GPIO_Label=CTL_BTN2
PA6.GPIO_ModeDefaultEXTI=GPIO_MODE_IT_RISING_FALLING
PA6.GPIO_PuPd=GPIO_PULLDOWN
PA6.Locked=true
PA6.Signal=GPXTI6
PA7.GPIOParameters=GPIO_PuPd,GPIO_Label,GPIO_ModeDefaultEXTI
PA7.GPIO_Label=CTL_BTN3
PA7.GPIO_ModeDefaultEXTI=GPIO_MODE_IT_RISING_FALLING
PA7.GPIO_PuPd=GPIO_PULLDOWN
PA7.Locked=true
PA7.Signal=GPXTI7
PA8.GPIOParameters=GPIO_PuPd,GPIO_Label,GPIO_ModeDefaultEXTI
PA8.GPIO_Label=IR_SENS0
PA8.GPIO_ModeDefaultEXTI=GPIO_MODE_IT_RISING_FALLING
PA8.GPIO_PuPd=GPIO_PULLUP
PA8.Locked=true
PA8.Signal=GPXTI8
PA9.GPIOParameters=GPIO_PuPd,GPIO_Label,GPIO_ModeDefaultEXTI
PA9.GPIO_Label=IR_SENS1
PA9.GPIO_ModeDefaultEXTI=GPIO_MODE_IT_RISING_FALLING
PA9.GPIO_PuPd=GPIO_PULLUP
PA9.Locked=true
PA9.Signal=GPXTI9
PB10.GPIOParameters=GPIO_Speed,GPIO_Label,GPIO_Mode
PB10.GPIO_Label=I2C_SCL
PB10.GPIO_Mode=GPIO_MODE_AF_OD
PB10.GPIO_Speed=GPIO_SPEED_FREQ_HIGH
PB10.Locked=true
PB10.Mode=I2C
PB10.Signal=I2C2_SCL
PB11.GPIOParameters=GPIO_Speed,GPIO_Label
PB11.GPIO_Label=I2C_SDA
PB11.GPIO_Speed=GPIO_SPEED_FREQ_HIGH
PB11.Locked=true
PB11.Mode=I2C
PB11.Signal=I2C2_SDA
PB12.GPIOParameters=GPIO_Speed,PinState,GPIO_Label,GPIO_ModeDefaultOutputPP
PB12.GPIO_Label=CTL_VIBRATE
PB12.GPIO_ModeDefaultOutputPP=GPIO_MODE_OUTPUT_PP
PB12.GPIO_Speed=GPIO_SPEED_FREQ_MEDIUM
PB12.Locked=true
PB12.PinState=GPIO_PIN_SET
PB12.Signal=GPIO_Output
PB13.GPIOParameters=GPIO_Label
PB13.GPIO_Label=SPI_SCK
PB13.Locked=true
PB13.Mode=Full_Duplex_Master
PB13.Signal=SPI2_SCK
PB14.GPIOParameters=GPIO_Label
PB14.GPIO_Label=SPI_MISO
PB14.Locked=true
PB14.Mode=Full_Duplex_Master
PB14.Signal=SPI2_MISO
PB15.GPIOParameters=GPIO_Label
PB15.GPIO_Label=SPI_MOSI
PB15.Locked=true
PB15.Mode=Full_Duplex_Master
PB15.Signal=SPI2_MOSI
PB6.GPIOParameters=GPIO_Speed,PinState,GPIO_Label,GPIO_ModeDefaultOutputPP
PB6.GPIO_Label=SPI_RF_NSS
PB6.GPIO_ModeDefaultOutputPP=GPIO_MODE_OUTPUT_PP
PB6.GPIO_Speed=GPIO_SPEED_FREQ_HIGH
PB6.Locked=true
PB6.PinState=GPIO_PIN_SET
PB6.Signal=GPIO_Output
PB7.GPIOParameters=GPIO_Speed,GPIO_Label
PB7.GPIO_Label=SPI_RF_CE
PB7.GPIO_Speed=GPIO_SPEED_FREQ_HIGH
PB7.Locked=true
PB7.Signal=GPIO_Output
PB8.GPIOParameters=GPIO_PuPd,GPIO_Label
PB8.GPIO_Label=CTL_MODE2
PB8.GPIO_PuPd=GPIO_PULLDOWN
PB8.Locked=true
PB8.Signal=GPIO_Input
PB9.GPIOParameters=GPIO_PuPd,GPIO_Label
PB9.GPIO_Label=CTL_MODE1
PB9.GPIO_PuPd=GPIO_PULLDOWN
PB9.Locked=true
PB9.Signal=GPIO_Input
PC13-TAMPER-RTC.GPIOParameters=GPIO_Speed,PinState,GPIO_Label,GPIO_ModeDefaultOutputPP
PC13-TAMPER-RTC.GPIO_Label=LED
PC13-TAMPER-RTC.GPIO_ModeDefaultOutputPP=GPIO_MODE_OUTPUT_OD
PC13-TAMPER-RTC.GPIO_Speed=GPIO_SPEED_FREQ_HIGH
PC13-TAMPER-RTC.Locked=true
PC13-TAMPER-RTC.PinState=GPIO_PIN_RESET
PC13-TAMPER-RTC.Signal=GPIO_Output
PCC.Battery=18650
PCC.Battery.Capacity=3000.0
PCC.Battery.Compatibility=Yes
PCC.Battery.InParallel=1
PCC.Battery.InSeries=1
PCC.Battery.MaxContinuous=0.0
PCC.Battery.MaxPulseCurrent=0.0
PCC.Battery.NominalVoltage=3.7
PCC.Battery.SelfDischarge=0.0
PCC.Checker=false
PCC.Line=STM32F103
PCC.MCU=STM32F103C(8-B)Tx
PCC.MXVersion=4.19.0
PCC.PartNumber=STM32F103C8Tx
PCC.Seq0=0
PCC.Series=STM32F1
PCC.Temperature=25
PCC.Vdd=3.3
PD0-OSC_IN.Mode=HSE-External-Oscillator
PD0-OSC_IN.Signal=RCC_OSC_IN
PD1-OSC_OUT.Mode=HSE-External-Oscillator
PD1-OSC_OUT.Signal=RCC_OSC_OUT
ProjectManager.AskForMigrate=true
ProjectManager.BackupPrevious=true
ProjectManager.CompilerOptimize=2
ProjectManager.ComputerToolchain=false
ProjectManager.CoupleFile=false
ProjectManager.CustomerFirmwarePackage=C\:/Users/Sencer Coltu/STM32Cube/Repository/STM32Cube_FW_F1_V1.4.0
ProjectManager.DefaultFWLocation=true
ProjectManager.DeletePrevious=true
ProjectManager.DeviceId=STM32F103C8Tx
ProjectManager.FirmwarePackage=STM32Cube FW_F1 V1.4.0
ProjectManager.FreePins=true
ProjectManager.HalAssertFull=false
ProjectManager.HeapSize=0x200
ProjectManager.KeepUserCode=true
ProjectManager.LastFirmware=true
ProjectManager.LibraryCopy=0
ProjectManager.PreviousToolchain=
ProjectManager.ProjectBuild=false
ProjectManager.ProjectFileName=TrackedDevice.ioc
ProjectManager.ProjectName=TrackedDevice
ProjectManager.StackSize=0x400
ProjectManager.TargetToolchain=MDK-ARM V5
ProjectManager.ToolChainLocation=D\:\\Projects\\Windows\\SteamVR\\stm32\\TrackedDevice
ProjectManager.UnderRoot=false
ProjectManager.functionlistsort=1-MX_GPIO_Init-GPIO-false-HAL,2-MX_DMA_Init-DMA-false-HAL,3-MX_ADC1_Init-ADC1-false-HAL,4-MX_SPI2_Init-SPI2-false-HAL,5-MX_I2C2_Init-I2C2-false-HAL,6-SystemClock_Config-RCC-false-HAL
RCC.ADCFreqValue=12000000
RCC.ADCPresc=RCC_ADCPCLK2_DIV6
RCC.AHBFreq_Value=72000000
RCC.APB1CLKDivider=RCC_HCLK_DIV2
RCC.APB1Freq_Value=36000000
RCC.APB1TimFreq_Value=72000000
RCC.APB2Freq_Value=72000000
RCC.APB2TimFreq_Value=72000000
RCC.FCLKCortexFreq_Value=72000000
RCC.FamilyName=M
RCC.HCLKFreq_Value=72000000
RCC.HSIState=RCC_HSI_ON
RCC.IPParameters=ADCFreqValue,ADCPresc,AHBFreq_Value,APB1CLKDivider,APB1Freq_Value,APB1TimFreq_Value,APB2Freq_Value,APB2TimFreq_Value,FCLKCortexFreq_Value,FamilyName,HCLKFreq_Value,HSIState,MCOFreq_Value,PLLCLKFreq_Value,PLLMCOFreq_Value,PLLMUL,PLLSourceVirtual,PREFETCH_ENABLE,SYSCLKFreq_VALUE,SYSCLKSource,TimSysFreq_Value,USBFreq_Value,USBPrescaler,VCOOutput2Freq_Value,VDD_VALUE
RCC.MCOFreq_Value=72000000
RCC.PLLCLKFreq_Value=72000000
RCC.PLLMCOFreq_Value=36000000
RCC.PLLMUL=RCC_PLL_MUL9
RCC.PLLSourceVirtual=RCC_PLLSOURCE_HSE
RCC.PREFETCH_ENABLE=1
RCC.SYSCLKFreq_VALUE=72000000
RCC.SYSCLKSource=RCC_SYSCLKSOURCE_PLLCLK
RCC.TimSysFreq_Value=72000000
RCC.USBFreq_Value=48000000
RCC.USBPrescaler=RCC_USBCLKSOURCE_PLL_DIV1_5
RCC.VCOOutput2Freq_Value=8000000
RCC.VDD_VALUE=3.3
SH.ADCx_IN1.0=ADC1_IN1,IN1
SH.ADCx_IN1.ConfNb=1
SH.ADCx_IN2.0=ADC1_IN2,IN2
SH.ADCx_IN2.ConfNb=1
SH.ADCx_IN3.0=ADC1_IN3,IN3
SH.ADCx_IN3.ConfNb=1
SH.GPXTI10.0=GPIO_EXTI10
SH.GPXTI10.ConfNb=1
SH.GPXTI11.0=GPIO_EXTI11
SH.GPXTI11.ConfNb=1
SH.GPXTI12.0=GPIO_EXTI12
SH.GPXTI12.ConfNb=1
SH.GPXTI13.0=GPIO_EXTI13
SH.GPXTI13.ConfNb=1
SH.GPXTI4.0=GPIO_EXTI4
SH.GPXTI4.ConfNb=1
SH.GPXTI5.0=GPIO_EXTI5
SH.GPXTI5.ConfNb=1
SH.GPXTI6.0=GPIO_EXTI6
SH.GPXTI6.ConfNb=1
SH.GPXTI7.0=GPIO_EXTI7
SH.GPXTI7.ConfNb=1
SH.GPXTI8.0=GPIO_EXTI8
SH.GPXTI8.ConfNb=1
SH.GPXTI9.0=GPIO_EXTI9
SH.GPXTI9.ConfNb=1
SPI2.BaudRatePrescaler=SPI_BAUDRATEPRESCALER_4
SPI2.CalculateBaudRate=9.0 MBits/s
SPI2.IPParameters=Mode,CalculateBaudRate,BaudRatePrescaler
SPI2.Mode=SPI_MODE_MASTER
VP_SYS_VS_ND.Mode=No_Debug
VP_SYS_VS_ND.Signal=SYS_VS_ND
VP_SYS_VS_Systick.Mode=SysTick
VP_SYS_VS_Systick.Signal=SYS_VS_Systick
board=TrackedDevice
